// !$*UTF8*$!
{
	archiveVersion = 1;
	classes = {
	};
	objectVersion = 55;
	objects = {

/* Begin PBXBuildFile section */
		105C39E228D8816E00233E3A /* TPCExamPractice2.cpp in Sources */ = {isa = PBXBuildFile; fileRef = 105C39E128D8816E00233E3A /* TPCExamPractice2.cpp */; };
		105C39E428D9D64600233E3A /* TPCExam2022_1.cpp in Sources */ = {isa = PBXBuildFile; fileRef = 105C39E328D9D64600233E3A /* TPCExam2022_1.cpp */; };
		10C3DB8A28B47718002630AB /* CPPComUtils.cpp in Sources */ = {isa = PBXBuildFile; fileRef = 10C3DB8828B47717002630AB /* CPPComUtils.cpp */; };
		4019FAC428D8B48B00C0F13E /* ReverseLeftWords.cpp in Sources */ = {isa = PBXBuildFile; fileRef = 4019FAC328D8B48B00C0F13E /* ReverseLeftWords.cpp */; };
		4019FAC628E0674500C0F13E /* LC28_strStr.cpp in Sources */ = {isa = PBXBuildFile; fileRef = 4019FAC528E0674500C0F13E /* LC28_strStr.cpp */; };
		4019FAC828E078CE00C0F13E /* LC459_RepeatedSubstringPattern.cpp in Sources */ = {isa = PBXBuildFile; fileRef = 4019FAC728E078CE00C0F13E /* LC459_RepeatedSubstringPattern.cpp */; };
		40310D2A28B7D11900ED78AF /* LC707_MyLinkedList.cpp in Sources */ = {isa = PBXBuildFile; fileRef = 40310D2928B7D11900ED78AF /* LC707_MyLinkedList.cpp */; };
		40310D2C28BFB96900ED78AF /* LC242_isAnagram.cpp in Sources */ = {isa = PBXBuildFile; fileRef = 40310D2B28BFB96900ED78AF /* LC242_isAnagram.cpp */; };
		40310D2E28C0DA6100ED78AF /* LC349_intersection.cpp in Sources */ = {isa = PBXBuildFile; fileRef = 40310D2D28C0DA6100ED78AF /* LC349_intersection.cpp */; };
		40310D3028C0EC5500ED78AF /* LC350_intersect.cpp in Sources */ = {isa = PBXBuildFile; fileRef = 40310D2F28C0EC5500ED78AF /* LC350_intersect.cpp */; };
		40310D3228C4F42A00ED78AF /* LC202_isHappy.cpp in Sources */ = {isa = PBXBuildFile; fileRef = 40310D3128C4F42A00ED78AF /* LC202_isHappy.cpp */; };
		40310D3428C64E6600ED78AF /* LC1_twoSum.cpp in Sources */ = {isa = PBXBuildFile; fileRef = 40310D3328C64E6600ED78AF /* LC1_twoSum.cpp */; };
		40310D3628C7A05000ED78AF /* LC454_fourSumCount.cpp in Sources */ = {isa = PBXBuildFile; fileRef = 40310D3528C7A05000ED78AF /* LC454_fourSumCount.cpp */; };
		40310D3828C8EA0100ED78AF /* LC383_canConstruct.cpp in Sources */ = {isa = PBXBuildFile; fileRef = 40310D3728C8EA0100ED78AF /* LC383_canConstruct.cpp */; };
		40310D3A28CA39DD00ED78AF /* LC15_threeSum.cpp in Sources */ = {isa = PBXBuildFile; fileRef = 40310D3928CA39DD00ED78AF /* LC15_threeSum.cpp */; };
		40310D3C28D21FFD00ED78AF /* LC18_fourSum.cpp in Sources */ = {isa = PBXBuildFile; fileRef = 40310D3B28D21FFD00ED78AF /* LC18_fourSum.cpp */; };
		40310D3E28D36DB200ED78AF /* LC344_reverseString.cpp in Sources */ = {isa = PBXBuildFile; fileRef = 40310D3D28D36DB200ED78AF /* LC344_reverseString.cpp */; };
		40310D4028D371B800ED78AF /* LC541_reverseStr.cpp in Sources */ = {isa = PBXBuildFile; fileRef = 40310D3F28D371B800ED78AF /* LC541_reverseStr.cpp */; };
		40310D4228D4DB3500ED78AF /* ReplaceSpaceInStr.cpp in Sources */ = {isa = PBXBuildFile; fileRef = 40310D4128D4DB3500ED78AF /* ReplaceSpaceInStr.cpp */; };
		40310D4428D5AF6200ED78AF /* LC151_reverseWords.cpp in Sources */ = {isa = PBXBuildFile; fileRef = 40310D4328D5AF6200ED78AF /* LC151_reverseWords.cpp */; };
		40794C912861B5E800DED5E5 /* AppDelegate.m in Sources */ = {isa = PBXBuildFile; fileRef = 40794C902861B5E800DED5E5 /* AppDelegate.m */; };
		40794C942861B5E800DED5E5 /* SceneDelegate.m in Sources */ = {isa = PBXBuildFile; fileRef = 40794C932861B5E800DED5E5 /* SceneDelegate.m */; };
		40794C972861B5E800DED5E5 /* ViewController.m in Sources */ = {isa = PBXBuildFile; fileRef = 40794C962861B5E800DED5E5 /* ViewController.m */; };
		40794C9A2861B5E800DED5E5 /* Main.storyboard in Resources */ = {isa = PBXBuildFile; fileRef = 40794C982861B5E800DED5E5 /* Main.storyboard */; };
		40794C9C2861B5E900DED5E5 /* Assets.xcassets in Resources */ = {isa = PBXBuildFile; fileRef = 40794C9B2861B5E900DED5E5 /* Assets.xcassets */; };
		40794C9F2861B5E900DED5E5 /* LaunchScreen.storyboard in Resources */ = {isa = PBXBuildFile; fileRef = 40794C9D2861B5E900DED5E5 /* LaunchScreen.storyboard */; };
		40794CA22861B5E900DED5E5 /* main.m in Sources */ = {isa = PBXBuildFile; fileRef = 40794CA12861B5E900DED5E5 /* main.m */; };
		40794CAC2861B5E900DED5E5 /* PersonalTestProjectTests.m in Sources */ = {isa = PBXBuildFile; fileRef = 40794CAB2861B5E900DED5E5 /* PersonalTestProjectTests.m */; };
		40794CB62861B5E900DED5E5 /* PersonalTestProjectUITests.m in Sources */ = {isa = PBXBuildFile; fileRef = 40794CB52861B5E900DED5E5 /* PersonalTestProjectUITests.m */; };
		40794CB82861B5E900DED5E5 /* PersonalTestProjectUITestsLaunchTests.m in Sources */ = {isa = PBXBuildFile; fileRef = 40794CB72861B5E900DED5E5 /* PersonalTestProjectUITestsLaunchTests.m */; };
		40794CD02861BF9100DED5E5 /* ProgressBarView.m in Sources */ = {isa = PBXBuildFile; fileRef = 40794CCF2861BF9100DED5E5 /* ProgressBarView.m */; };
		40B9587D2873C75700A3DC8E /* CPPSampleTestManager.cpp in Sources */ = {isa = PBXBuildFile; fileRef = 40B9587B2873C75700A3DC8E /* CPPSampleTestManager.cpp */; };
		40B958802873D81D00A3DC8E /* CPPSampleTestManagerDelegate.cpp in Sources */ = {isa = PBXBuildFile; fileRef = 40B9587E2873D81D00A3DC8E /* CPPSampleTestManagerDelegate.cpp */; };
		40B958842873E14400A3DC8E /* CPPBridgeManager.mm in Sources */ = {isa = PBXBuildFile; fileRef = 40B958832873E14400A3DC8E /* CPPBridgeManager.mm */; };
		40B958872875AB8A00A3DC8E /* NativeCPPManager.m in Sources */ = {isa = PBXBuildFile; fileRef = 40B958862875AB8A00A3DC8E /* NativeCPPManager.m */; };
		40D0BEA5286BFDC8001B6654 /* CPPDataTypeTest.cpp in Sources */ = {isa = PBXBuildFile; fileRef = 40D0BEA3286BFDC8001B6654 /* CPPDataTypeTest.cpp */; };
		40D0BEA8286C029B001B6654 /* TestManager.mm in Sources */ = {isa = PBXBuildFile; fileRef = 40D0BEA7286C029B001B6654 /* TestManager.mm */; };
		40EC800F28B0DB8900C929E4 /* LC27_removeElement.cpp in Sources */ = {isa = PBXBuildFile; fileRef = 40EC7FF828B0DB8800C929E4 /* LC27_removeElement.cpp */; };
		40EC801028B0DB8900C929E4 /* LC704_search.cpp in Sources */ = {isa = PBXBuildFile; fileRef = 40EC7FF928B0DB8800C929E4 /* LC704_search.cpp */; };
		40EC801128B0DB8900C929E4 /* LC19_removeNthFromEnd.cpp in Sources */ = {isa = PBXBuildFile; fileRef = 40EC7FFA28B0DB8800C929E4 /* LC19_removeNthFromEnd.cpp */; };
		40EC801228B0DB8900C929E4 /* LC83_deleteDuplicates.cpp in Sources */ = {isa = PBXBuildFile; fileRef = 40EC7FFB28B0DB8800C929E4 /* LC83_deleteDuplicates.cpp */; };
		40EC801328B0DB8900C929E4 /* LC26_removeDuplicates.cpp in Sources */ = {isa = PBXBuildFile; fileRef = 40EC7FFC28B0DB8800C929E4 /* LC26_removeDuplicates.cpp */; };
		40EC801428B0DB8900C929E4 /* LC141_hasCycle.cpp in Sources */ = {isa = PBXBuildFile; fileRef = 40EC7FFD28B0DB8800C929E4 /* LC141_hasCycle.cpp */; };
		40EC801528B0DB8900C929E4 /* LC2_addTwoNumbers.cpp in Sources */ = {isa = PBXBuildFile; fileRef = 40EC7FFE28B0DB8800C929E4 /* LC2_addTwoNumbers.cpp */; };
		40EC801628B0DB8900C929E4 /* LC142_detectCycle.cpp in Sources */ = {isa = PBXBuildFile; fileRef = 40EC7FFF28B0DB8800C929E4 /* LC142_detectCycle.cpp */; };
		40EC801728B0DB8900C929E4 /* LC160_getIntersectionNode.cpp in Sources */ = {isa = PBXBuildFile; fileRef = 40EC800028B0DB8800C929E4 /* LC160_getIntersectionNode.cpp */; };
		40EC801828B0DB8900C929E4 /* LC23_mergeKLists.cpp in Sources */ = {isa = PBXBuildFile; fileRef = 40EC800128B0DB8800C929E4 /* LC23_mergeKLists.cpp */; };
		40EC801928B0DB8900C929E4 /* LC209_minSubArrayLen.cpp in Sources */ = {isa = PBXBuildFile; fileRef = 40EC800228B0DB8900C929E4 /* LC209_minSubArrayLen.cpp */; };
		40EC801A28B0DB8900C929E4 /* LC24_swapPairs.cpp in Sources */ = {isa = PBXBuildFile; fileRef = 40EC800328B0DB8900C929E4 /* LC24_swapPairs.cpp */; };
		40EC801B28B0DB8900C929E4 /* LC844_backspaceCompare.cpp in Sources */ = {isa = PBXBuildFile; fileRef = 40EC800428B0DB8900C929E4 /* LC844_backspaceCompare.cpp */; };
		40EC801C28B0DB8900C929E4 /* LC904_totalFruit.cpp in Sources */ = {isa = PBXBuildFile; fileRef = 40EC800528B0DB8900C929E4 /* LC904_totalFruit.cpp */; };
		40EC801D28B0DB8900C929E4 /* LC977_sortedSquares.cpp in Sources */ = {isa = PBXBuildFile; fileRef = 40EC800628B0DB8900C929E4 /* LC977_sortedSquares.cpp */; };
		40EC801E28B0DB8900C929E4 /* LC13_removeNthFromEnd.cpp in Sources */ = {isa = PBXBuildFile; fileRef = 40EC800828B0DB8900C929E4 /* LC13_removeNthFromEnd.cpp */; };
		40EC801F28B0DB8900C929E4 /* LC25_reverseKGroup.cpp in Sources */ = {isa = PBXBuildFile; fileRef = 40EC800928B0DB8900C929E4 /* LC25_reverseKGroup.cpp */; };
		40EC802028B0DB8900C929E4 /* LC76_minWindow.cpp in Sources */ = {isa = PBXBuildFile; fileRef = 40EC800A28B0DB8900C929E4 /* LC76_minWindow.cpp */; };
		40EC802128B0DB8900C929E4 /* LC283_moveZeroes.cpp in Sources */ = {isa = PBXBuildFile; fileRef = 40EC800B28B0DB8900C929E4 /* LC283_moveZeroes.cpp */; };
		40EC802228B0DB8900C929E4 /* LC92_reverseBetween.cpp in Sources */ = {isa = PBXBuildFile; fileRef = 40EC800C28B0DB8900C929E4 /* LC92_reverseBetween.cpp */; };
		40EC802328B0DB8900C929E4 /* LC206_reverseList.cpp in Sources */ = {isa = PBXBuildFile; fileRef = 40EC800D28B0DB8900C929E4 /* LC206_reverseList.cpp */; };
		40EC802428B0DB8900C929E4 /* LC21_mergeTwoLists.cpp in Sources */ = {isa = PBXBuildFile; fileRef = 40EC800E28B0DB8900C929E4 /* LC21_mergeTwoLists.cpp */; };
		40EC802728B0DBCB00C929E4 /* LCManager.cpp in Sources */ = {isa = PBXBuildFile; fileRef = 40EC802528B0DBCB00C929E4 /* LCManager.cpp */; };
		40EC802928B0F59700C929E4 /* LC54_spiralOrder.cpp in Sources */ = {isa = PBXBuildFile; fileRef = 40EC802828B0F59700C929E4 /* LC54_spiralOrder.cpp */; };
		40EC802B28B529F900C929E4 /* LC59_generateMatrix.cpp in Sources */ = {isa = PBXBuildFile; fileRef = 40EC802A28B529F900C929E4 /* LC59_generateMatrix.cpp */; };
		40EC802D28B6853700C929E4 /* LC203_removeElements.cpp in Sources */ = {isa = PBXBuildFile; fileRef = 40EC802C28B6853700C929E4 /* LC203_removeElements.cpp */; };
/* End PBXBuildFile section */

/* Begin PBXContainerItemProxy section */
		40794CA82861B5E900DED5E5 /* PBXContainerItemProxy */ = {
			isa = PBXContainerItemProxy;
			containerPortal = 40794C842861B5E800DED5E5 /* Project object */;
			proxyType = 1;
			remoteGlobalIDString = 40794C8B2861B5E800DED5E5;
			remoteInfo = PersonalTestProject;
		};
		40794CB22861B5E900DED5E5 /* PBXContainerItemProxy */ = {
			isa = PBXContainerItemProxy;
			containerPortal = 40794C842861B5E800DED5E5 /* Project object */;
			proxyType = 1;
			remoteGlobalIDString = 40794C8B2861B5E800DED5E5;
			remoteInfo = PersonalTestProject;
		};
/* End PBXContainerItemProxy section */

/* Begin PBXFileReference section */
		105C39E128D8816E00233E3A /* TPCExamPractice2.cpp */ = {isa = PBXFileReference; lastKnownFileType = sourcecode.cpp.cpp; path = TPCExamPractice2.cpp; sourceTree = "<group>"; };
		105C39E328D9D64600233E3A /* TPCExam2022_1.cpp */ = {isa = PBXFileReference; lastKnownFileType = sourcecode.cpp.cpp; path = TPCExam2022_1.cpp; sourceTree = "<group>"; };
		10C3DB8828B47717002630AB /* CPPComUtils.cpp */ = {isa = PBXFileReference; lastKnownFileType = sourcecode.cpp.cpp; path = CPPComUtils.cpp; sourceTree = "<group>"; };
		10C3DB8928B47717002630AB /* CPPComUtils.hpp */ = {isa = PBXFileReference; lastKnownFileType = sourcecode.cpp.h; path = CPPComUtils.hpp; sourceTree = "<group>"; };
		4019FAC328D8B48B00C0F13E /* ReverseLeftWords.cpp */ = {isa = PBXFileReference; lastKnownFileType = sourcecode.cpp.cpp; path = ReverseLeftWords.cpp; sourceTree = "<group>"; };
		4019FAC528E0674500C0F13E /* LC28_strStr.cpp */ = {isa = PBXFileReference; lastKnownFileType = sourcecode.cpp.cpp; path = LC28_strStr.cpp; sourceTree = "<group>"; };
		4019FAC728E078CE00C0F13E /* LC459_RepeatedSubstringPattern.cpp */ = {isa = PBXFileReference; lastKnownFileType = sourcecode.cpp.cpp; path = LC459_RepeatedSubstringPattern.cpp; sourceTree = "<group>"; };
		40310D2928B7D11900ED78AF /* LC707_MyLinkedList.cpp */ = {isa = PBXFileReference; lastKnownFileType = sourcecode.cpp.cpp; path = LC707_MyLinkedList.cpp; sourceTree = "<group>"; };
		40310D2B28BFB96900ED78AF /* LC242_isAnagram.cpp */ = {isa = PBXFileReference; lastKnownFileType = sourcecode.cpp.cpp; path = LC242_isAnagram.cpp; sourceTree = "<group>"; };
		40310D2D28C0DA6100ED78AF /* LC349_intersection.cpp */ = {isa = PBXFileReference; lastKnownFileType = sourcecode.cpp.cpp; path = LC349_intersection.cpp; sourceTree = "<group>"; };
		40310D2F28C0EC5500ED78AF /* LC350_intersect.cpp */ = {isa = PBXFileReference; lastKnownFileType = sourcecode.cpp.cpp; path = LC350_intersect.cpp; sourceTree = "<group>"; };
		40310D3128C4F42A00ED78AF /* LC202_isHappy.cpp */ = {isa = PBXFileReference; lastKnownFileType = sourcecode.cpp.cpp; path = LC202_isHappy.cpp; sourceTree = "<group>"; };
		40310D3328C64E6600ED78AF /* LC1_twoSum.cpp */ = {isa = PBXFileReference; lastKnownFileType = sourcecode.cpp.cpp; path = LC1_twoSum.cpp; sourceTree = "<group>"; };
		40310D3528C7A05000ED78AF /* LC454_fourSumCount.cpp */ = {isa = PBXFileReference; lastKnownFileType = sourcecode.cpp.cpp; path = LC454_fourSumCount.cpp; sourceTree = "<group>"; };
		40310D3728C8EA0100ED78AF /* LC383_canConstruct.cpp */ = {isa = PBXFileReference; lastKnownFileType = sourcecode.cpp.cpp; path = LC383_canConstruct.cpp; sourceTree = "<group>"; };
		40310D3928CA39DD00ED78AF /* LC15_threeSum.cpp */ = {isa = PBXFileReference; lastKnownFileType = sourcecode.cpp.cpp; path = LC15_threeSum.cpp; sourceTree = "<group>"; };
		40310D3B28D21FFD00ED78AF /* LC18_fourSum.cpp */ = {isa = PBXFileReference; lastKnownFileType = sourcecode.cpp.cpp; path = LC18_fourSum.cpp; sourceTree = "<group>"; };
		40310D3D28D36DB200ED78AF /* LC344_reverseString.cpp */ = {isa = PBXFileReference; lastKnownFileType = sourcecode.cpp.cpp; path = LC344_reverseString.cpp; sourceTree = "<group>"; };
		40310D3F28D371B800ED78AF /* LC541_reverseStr.cpp */ = {isa = PBXFileReference; lastKnownFileType = sourcecode.cpp.cpp; path = LC541_reverseStr.cpp; sourceTree = "<group>"; };
		40310D4128D4DB3500ED78AF /* ReplaceSpaceInStr.cpp */ = {isa = PBXFileReference; lastKnownFileType = sourcecode.cpp.cpp; path = ReplaceSpaceInStr.cpp; sourceTree = "<group>"; };
		40310D4328D5AF6200ED78AF /* LC151_reverseWords.cpp */ = {isa = PBXFileReference; lastKnownFileType = sourcecode.cpp.cpp; path = LC151_reverseWords.cpp; sourceTree = "<group>"; };
		40794C8C2861B5E800DED5E5 /* PersonalTestProject.app */ = {isa = PBXFileReference; explicitFileType = wrapper.application; includeInIndex = 0; path = PersonalTestProject.app; sourceTree = BUILT_PRODUCTS_DIR; };
		40794C8F2861B5E800DED5E5 /* AppDelegate.h */ = {isa = PBXFileReference; lastKnownFileType = sourcecode.c.h; path = AppDelegate.h; sourceTree = "<group>"; };
		40794C902861B5E800DED5E5 /* AppDelegate.m */ = {isa = PBXFileReference; lastKnownFileType = sourcecode.c.objc; path = AppDelegate.m; sourceTree = "<group>"; };
		40794C922861B5E800DED5E5 /* SceneDelegate.h */ = {isa = PBXFileReference; lastKnownFileType = sourcecode.c.h; path = SceneDelegate.h; sourceTree = "<group>"; };
		40794C932861B5E800DED5E5 /* SceneDelegate.m */ = {isa = PBXFileReference; lastKnownFileType = sourcecode.c.objc; path = SceneDelegate.m; sourceTree = "<group>"; };
		40794C952861B5E800DED5E5 /* ViewController.h */ = {isa = PBXFileReference; lastKnownFileType = sourcecode.c.h; path = ViewController.h; sourceTree = "<group>"; };
		40794C962861B5E800DED5E5 /* ViewController.m */ = {isa = PBXFileReference; lastKnownFileType = sourcecode.c.objc; path = ViewController.m; sourceTree = "<group>"; };
		40794C992861B5E800DED5E5 /* Base */ = {isa = PBXFileReference; lastKnownFileType = file.storyboard; name = Base; path = Base.lproj/Main.storyboard; sourceTree = "<group>"; };
		40794C9B2861B5E900DED5E5 /* Assets.xcassets */ = {isa = PBXFileReference; lastKnownFileType = folder.assetcatalog; path = Assets.xcassets; sourceTree = "<group>"; };
		40794C9E2861B5E900DED5E5 /* Base */ = {isa = PBXFileReference; lastKnownFileType = file.storyboard; name = Base; path = Base.lproj/LaunchScreen.storyboard; sourceTree = "<group>"; };
		40794CA02861B5E900DED5E5 /* Info.plist */ = {isa = PBXFileReference; lastKnownFileType = text.plist.xml; path = Info.plist; sourceTree = "<group>"; };
		40794CA12861B5E900DED5E5 /* main.m */ = {isa = PBXFileReference; lastKnownFileType = sourcecode.c.objc; path = main.m; sourceTree = "<group>"; };
		40794CA72861B5E900DED5E5 /* PersonalTestProjectTests.xctest */ = {isa = PBXFileReference; explicitFileType = wrapper.cfbundle; includeInIndex = 0; path = PersonalTestProjectTests.xctest; sourceTree = BUILT_PRODUCTS_DIR; };
		40794CAB2861B5E900DED5E5 /* PersonalTestProjectTests.m */ = {isa = PBXFileReference; lastKnownFileType = sourcecode.c.objc; path = PersonalTestProjectTests.m; sourceTree = "<group>"; };
		40794CB12861B5E900DED5E5 /* PersonalTestProjectUITests.xctest */ = {isa = PBXFileReference; explicitFileType = wrapper.cfbundle; includeInIndex = 0; path = PersonalTestProjectUITests.xctest; sourceTree = BUILT_PRODUCTS_DIR; };
		40794CB52861B5E900DED5E5 /* PersonalTestProjectUITests.m */ = {isa = PBXFileReference; lastKnownFileType = sourcecode.c.objc; path = PersonalTestProjectUITests.m; sourceTree = "<group>"; };
		40794CB72861B5E900DED5E5 /* PersonalTestProjectUITestsLaunchTests.m */ = {isa = PBXFileReference; lastKnownFileType = sourcecode.c.objc; path = PersonalTestProjectUITestsLaunchTests.m; sourceTree = "<group>"; };
		40794CCE2861BF9100DED5E5 /* ProgressBarView.h */ = {isa = PBXFileReference; lastKnownFileType = sourcecode.c.h; path = ProgressBarView.h; sourceTree = "<group>"; };
		40794CCF2861BF9100DED5E5 /* ProgressBarView.m */ = {isa = PBXFileReference; lastKnownFileType = sourcecode.c.objc; path = ProgressBarView.m; sourceTree = "<group>"; };
		40B9587B2873C75700A3DC8E /* CPPSampleTestManager.cpp */ = {isa = PBXFileReference; lastKnownFileType = sourcecode.cpp.cpp; path = CPPSampleTestManager.cpp; sourceTree = "<group>"; };
		40B9587C2873C75700A3DC8E /* CPPSampleTestManager.hpp */ = {isa = PBXFileReference; lastKnownFileType = sourcecode.cpp.h; path = CPPSampleTestManager.hpp; sourceTree = "<group>"; };
		40B9587E2873D81D00A3DC8E /* CPPSampleTestManagerDelegate.cpp */ = {isa = PBXFileReference; lastKnownFileType = sourcecode.cpp.cpp; path = CPPSampleTestManagerDelegate.cpp; sourceTree = "<group>"; };
		40B9587F2873D81D00A3DC8E /* CPPSampleTestManagerDelegate.hpp */ = {isa = PBXFileReference; lastKnownFileType = sourcecode.cpp.h; path = CPPSampleTestManagerDelegate.hpp; sourceTree = "<group>"; };
		40B958822873E14400A3DC8E /* CPPBridgeManager.h */ = {isa = PBXFileReference; lastKnownFileType = sourcecode.c.h; path = CPPBridgeManager.h; sourceTree = "<group>"; };
		40B958832873E14400A3DC8E /* CPPBridgeManager.mm */ = {isa = PBXFileReference; lastKnownFileType = sourcecode.cpp.objcpp; path = CPPBridgeManager.mm; sourceTree = "<group>"; };
		40B958852875AB8A00A3DC8E /* NativeCPPManager.h */ = {isa = PBXFileReference; lastKnownFileType = sourcecode.c.h; path = NativeCPPManager.h; sourceTree = "<group>"; };
		40B958862875AB8A00A3DC8E /* NativeCPPManager.m */ = {isa = PBXFileReference; lastKnownFileType = sourcecode.c.objc; path = NativeCPPManager.m; sourceTree = "<group>"; };
		40D0BEA3286BFDC8001B6654 /* CPPDataTypeTest.cpp */ = {isa = PBXFileReference; lastKnownFileType = sourcecode.cpp.cpp; path = CPPDataTypeTest.cpp; sourceTree = "<group>"; };
		40D0BEA4286BFDC8001B6654 /* CPPDataTypeTest.hpp */ = {isa = PBXFileReference; lastKnownFileType = sourcecode.cpp.h; path = CPPDataTypeTest.hpp; sourceTree = "<group>"; };
		40D0BEA6286C029A001B6654 /* TestManager.h */ = {isa = PBXFileReference; lastKnownFileType = sourcecode.c.h; path = TestManager.h; sourceTree = "<group>"; };
		40D0BEA7286C029B001B6654 /* TestManager.mm */ = {isa = PBXFileReference; lastKnownFileType = sourcecode.cpp.objcpp; path = TestManager.mm; sourceTree = "<group>"; };
		40EC7FF828B0DB8800C929E4 /* LC27_removeElement.cpp */ = {isa = PBXFileReference; fileEncoding = 4; lastKnownFileType = sourcecode.cpp.cpp; path = LC27_removeElement.cpp; sourceTree = "<group>"; };
		40EC7FF928B0DB8800C929E4 /* LC704_search.cpp */ = {isa = PBXFileReference; fileEncoding = 4; lastKnownFileType = sourcecode.cpp.cpp; path = LC704_search.cpp; sourceTree = "<group>"; };
		40EC7FFA28B0DB8800C929E4 /* LC19_removeNthFromEnd.cpp */ = {isa = PBXFileReference; fileEncoding = 4; lastKnownFileType = sourcecode.cpp.cpp; path = LC19_removeNthFromEnd.cpp; sourceTree = "<group>"; };
		40EC7FFB28B0DB8800C929E4 /* LC83_deleteDuplicates.cpp */ = {isa = PBXFileReference; fileEncoding = 4; lastKnownFileType = sourcecode.cpp.cpp; path = LC83_deleteDuplicates.cpp; sourceTree = "<group>"; };
		40EC7FFC28B0DB8800C929E4 /* LC26_removeDuplicates.cpp */ = {isa = PBXFileReference; fileEncoding = 4; lastKnownFileType = sourcecode.cpp.cpp; path = LC26_removeDuplicates.cpp; sourceTree = "<group>"; };
		40EC7FFD28B0DB8800C929E4 /* LC141_hasCycle.cpp */ = {isa = PBXFileReference; fileEncoding = 4; lastKnownFileType = sourcecode.cpp.cpp; path = LC141_hasCycle.cpp; sourceTree = "<group>"; };
		40EC7FFE28B0DB8800C929E4 /* LC2_addTwoNumbers.cpp */ = {isa = PBXFileReference; fileEncoding = 4; lastKnownFileType = sourcecode.cpp.cpp; path = LC2_addTwoNumbers.cpp; sourceTree = "<group>"; };
		40EC7FFF28B0DB8800C929E4 /* LC142_detectCycle.cpp */ = {isa = PBXFileReference; fileEncoding = 4; lastKnownFileType = sourcecode.cpp.cpp; path = LC142_detectCycle.cpp; sourceTree = "<group>"; };
		40EC800028B0DB8800C929E4 /* LC160_getIntersectionNode.cpp */ = {isa = PBXFileReference; fileEncoding = 4; lastKnownFileType = sourcecode.cpp.cpp; path = LC160_getIntersectionNode.cpp; sourceTree = "<group>"; };
		40EC800128B0DB8800C929E4 /* LC23_mergeKLists.cpp */ = {isa = PBXFileReference; fileEncoding = 4; lastKnownFileType = sourcecode.cpp.cpp; path = LC23_mergeKLists.cpp; sourceTree = "<group>"; };
		40EC800228B0DB8900C929E4 /* LC209_minSubArrayLen.cpp */ = {isa = PBXFileReference; fileEncoding = 4; lastKnownFileType = sourcecode.cpp.cpp; path = LC209_minSubArrayLen.cpp; sourceTree = "<group>"; };
		40EC800328B0DB8900C929E4 /* LC24_swapPairs.cpp */ = {isa = PBXFileReference; fileEncoding = 4; lastKnownFileType = sourcecode.cpp.cpp; path = LC24_swapPairs.cpp; sourceTree = "<group>"; };
		40EC800428B0DB8900C929E4 /* LC844_backspaceCompare.cpp */ = {isa = PBXFileReference; fileEncoding = 4; lastKnownFileType = sourcecode.cpp.cpp; path = LC844_backspaceCompare.cpp; sourceTree = "<group>"; };
		40EC800528B0DB8900C929E4 /* LC904_totalFruit.cpp */ = {isa = PBXFileReference; fileEncoding = 4; lastKnownFileType = sourcecode.cpp.cpp; path = LC904_totalFruit.cpp; sourceTree = "<group>"; };
		40EC800628B0DB8900C929E4 /* LC977_sortedSquares.cpp */ = {isa = PBXFileReference; fileEncoding = 4; lastKnownFileType = sourcecode.cpp.cpp; path = LC977_sortedSquares.cpp; sourceTree = "<group>"; };
		40EC800728B0DB8900C929E4 /* ListNode.h */ = {isa = PBXFileReference; fileEncoding = 4; lastKnownFileType = sourcecode.c.h; path = ListNode.h; sourceTree = "<group>"; };
		40EC800828B0DB8900C929E4 /* LC13_removeNthFromEnd.cpp */ = {isa = PBXFileReference; fileEncoding = 4; lastKnownFileType = sourcecode.cpp.cpp; path = LC13_removeNthFromEnd.cpp; sourceTree = "<group>"; };
		40EC800928B0DB8900C929E4 /* LC25_reverseKGroup.cpp */ = {isa = PBXFileReference; fileEncoding = 4; lastKnownFileType = sourcecode.cpp.cpp; path = LC25_reverseKGroup.cpp; sourceTree = "<group>"; };
		40EC800A28B0DB8900C929E4 /* LC76_minWindow.cpp */ = {isa = PBXFileReference; fileEncoding = 4; lastKnownFileType = sourcecode.cpp.cpp; path = LC76_minWindow.cpp; sourceTree = "<group>"; };
		40EC800B28B0DB8900C929E4 /* LC283_moveZeroes.cpp */ = {isa = PBXFileReference; fileEncoding = 4; lastKnownFileType = sourcecode.cpp.cpp; path = LC283_moveZeroes.cpp; sourceTree = "<group>"; };
		40EC800C28B0DB8900C929E4 /* LC92_reverseBetween.cpp */ = {isa = PBXFileReference; fileEncoding = 4; lastKnownFileType = sourcecode.cpp.cpp; path = LC92_reverseBetween.cpp; sourceTree = "<group>"; };
		40EC800D28B0DB8900C929E4 /* LC206_reverseList.cpp */ = {isa = PBXFileReference; fileEncoding = 4; lastKnownFileType = sourcecode.cpp.cpp; path = LC206_reverseList.cpp; sourceTree = "<group>"; };
		40EC800E28B0DB8900C929E4 /* LC21_mergeTwoLists.cpp */ = {isa = PBXFileReference; fileEncoding = 4; lastKnownFileType = sourcecode.cpp.cpp; path = LC21_mergeTwoLists.cpp; sourceTree = "<group>"; };
		40EC802528B0DBCB00C929E4 /* LCManager.cpp */ = {isa = PBXFileReference; lastKnownFileType = sourcecode.cpp.cpp; path = LCManager.cpp; sourceTree = "<group>"; };
		40EC802628B0DBCB00C929E4 /* LCManager.hpp */ = {isa = PBXFileReference; lastKnownFileType = sourcecode.cpp.h; path = LCManager.hpp; sourceTree = "<group>"; };
		40EC802828B0F59700C929E4 /* LC54_spiralOrder.cpp */ = {isa = PBXFileReference; lastKnownFileType = sourcecode.cpp.cpp; path = LC54_spiralOrder.cpp; sourceTree = "<group>"; };
		40EC802A28B529F900C929E4 /* LC59_generateMatrix.cpp */ = {isa = PBXFileReference; lastKnownFileType = sourcecode.cpp.cpp; path = LC59_generateMatrix.cpp; sourceTree = "<group>"; };
		40EC802C28B6853700C929E4 /* LC203_removeElements.cpp */ = {isa = PBXFileReference; lastKnownFileType = sourcecode.cpp.cpp; path = LC203_removeElements.cpp; sourceTree = "<group>"; };
/* End PBXFileReference section */

/* Begin PBXFrameworksBuildPhase section */
		40794C892861B5E800DED5E5 /* Frameworks */ = {
			isa = PBXFrameworksBuildPhase;
			buildActionMask = 2147483647;
			files = (
			);
			runOnlyForDeploymentPostprocessing = 0;
		};
		40794CA42861B5E900DED5E5 /* Frameworks */ = {
			isa = PBXFrameworksBuildPhase;
			buildActionMask = 2147483647;
			files = (
			);
			runOnlyForDeploymentPostprocessing = 0;
		};
		40794CAE2861B5E900DED5E5 /* Frameworks */ = {
			isa = PBXFrameworksBuildPhase;
			buildActionMask = 2147483647;
			files = (
			);
			runOnlyForDeploymentPostprocessing = 0;
		};
/* End PBXFrameworksBuildPhase section */

/* Begin PBXGroup section */
		105C39E028D8814900233E3A /* AlgorithmPractice */ = {
			isa = PBXGroup;
			children = (
				105C39E128D8816E00233E3A /* TPCExamPractice2.cpp */,
				105C39E328D9D64600233E3A /* TPCExam2022_1.cpp */,
			);
			path = AlgorithmPractice;
			sourceTree = "<group>";
		};
		40794C832861B5E800DED5E5 = {
			isa = PBXGroup;
			children = (
				40794C8E2861B5E800DED5E5 /* PersonalTestProject */,
				40794CAA2861B5E900DED5E5 /* PersonalTestProjectTests */,
				40794CB42861B5E900DED5E5 /* PersonalTestProjectUITests */,
				40794C8D2861B5E800DED5E5 /* Products */,
			);
			sourceTree = "<group>";
		};
		40794C8D2861B5E800DED5E5 /* Products */ = {
			isa = PBXGroup;
			children = (
				40794C8C2861B5E800DED5E5 /* PersonalTestProject.app */,
				40794CA72861B5E900DED5E5 /* PersonalTestProjectTests.xctest */,
				40794CB12861B5E900DED5E5 /* PersonalTestProjectUITests.xctest */,
			);
			name = Products;
			sourceTree = "<group>";
		};
		40794C8E2861B5E800DED5E5 /* PersonalTestProject */ = {
			isa = PBXGroup;
			children = (
				105C39E028D8814900233E3A /* AlgorithmPractice */,
				40EC7FF728B0DB2C00C929E4 /* LeetcodePractice */,
				40B958812873E0D600A3DC8E /* iOSBridgeCPP */,
				40D0BEA2286BFD92001B6654 /* CPP */,
				40794CCD2861BF7400DED5E5 /* CustomizedViews */,
				40794C8F2861B5E800DED5E5 /* AppDelegate.h */,
				40794C902861B5E800DED5E5 /* AppDelegate.m */,
				40794C922861B5E800DED5E5 /* SceneDelegate.h */,
				40794C932861B5E800DED5E5 /* SceneDelegate.m */,
				40794C952861B5E800DED5E5 /* ViewController.h */,
				40794C962861B5E800DED5E5 /* ViewController.m */,
				40794C982861B5E800DED5E5 /* Main.storyboard */,
				40794C9B2861B5E900DED5E5 /* Assets.xcassets */,
				40794C9D2861B5E900DED5E5 /* LaunchScreen.storyboard */,
				40794CA02861B5E900DED5E5 /* Info.plist */,
				40794CA12861B5E900DED5E5 /* main.m */,
				40D0BEA6286C029A001B6654 /* TestManager.h */,
				40D0BEA7286C029B001B6654 /* TestManager.mm */,
			);
			path = PersonalTestProject;
			sourceTree = "<group>";
		};
		40794CAA2861B5E900DED5E5 /* PersonalTestProjectTests */ = {
			isa = PBXGroup;
			children = (
				40794CAB2861B5E900DED5E5 /* PersonalTestProjectTests.m */,
			);
			path = PersonalTestProjectTests;
			sourceTree = "<group>";
		};
		40794CB42861B5E900DED5E5 /* PersonalTestProjectUITests */ = {
			isa = PBXGroup;
			children = (
				40794CB52861B5E900DED5E5 /* PersonalTestProjectUITests.m */,
				40794CB72861B5E900DED5E5 /* PersonalTestProjectUITestsLaunchTests.m */,
			);
			path = PersonalTestProjectUITests;
			sourceTree = "<group>";
		};
		40794CCD2861BF7400DED5E5 /* CustomizedViews */ = {
			isa = PBXGroup;
			children = (
				40794CCE2861BF9100DED5E5 /* ProgressBarView.h */,
				40794CCF2861BF9100DED5E5 /* ProgressBarView.m */,
			);
			path = CustomizedViews;
			sourceTree = "<group>";
		};
		40B958812873E0D600A3DC8E /* iOSBridgeCPP */ = {
			isa = PBXGroup;
			children = (
				40B958822873E14400A3DC8E /* CPPBridgeManager.h */,
				40B958832873E14400A3DC8E /* CPPBridgeManager.mm */,
				40B958852875AB8A00A3DC8E /* NativeCPPManager.h */,
				40B958862875AB8A00A3DC8E /* NativeCPPManager.m */,
			);
			path = iOSBridgeCPP;
			sourceTree = "<group>";
		};
		40D0BEA2286BFD92001B6654 /* CPP */ = {
			isa = PBXGroup;
			children = (
				40D0BEA3286BFDC8001B6654 /* CPPDataTypeTest.cpp */,
				40D0BEA4286BFDC8001B6654 /* CPPDataTypeTest.hpp */,
				40B9587B2873C75700A3DC8E /* CPPSampleTestManager.cpp */,
				40B9587C2873C75700A3DC8E /* CPPSampleTestManager.hpp */,
				40B9587E2873D81D00A3DC8E /* CPPSampleTestManagerDelegate.cpp */,
				40B9587F2873D81D00A3DC8E /* CPPSampleTestManagerDelegate.hpp */,
				10C3DB8828B47717002630AB /* CPPComUtils.cpp */,
				10C3DB8928B47717002630AB /* CPPComUtils.hpp */,
			);
			path = CPP;
			sourceTree = "<group>";
		};
		40EC7FF728B0DB2C00C929E4 /* LeetcodePractice */ = {
			isa = PBXGroup;
			children = (
				40310D3328C64E6600ED78AF /* LC1_twoSum.cpp */,
				40EC7FFE28B0DB8800C929E4 /* LC2_addTwoNumbers.cpp */,
				40EC800828B0DB8900C929E4 /* LC13_removeNthFromEnd.cpp */,
				40310D3928CA39DD00ED78AF /* LC15_threeSum.cpp */,
				40310D3B28D21FFD00ED78AF /* LC18_fourSum.cpp */,
				40EC7FFA28B0DB8800C929E4 /* LC19_removeNthFromEnd.cpp */,
				40EC800E28B0DB8900C929E4 /* LC21_mergeTwoLists.cpp */,
				40EC800128B0DB8800C929E4 /* LC23_mergeKLists.cpp */,
				40EC800328B0DB8900C929E4 /* LC24_swapPairs.cpp */,
				40EC800928B0DB8900C929E4 /* LC25_reverseKGroup.cpp */,
				40EC7FFC28B0DB8800C929E4 /* LC26_removeDuplicates.cpp */,
				40EC7FF828B0DB8800C929E4 /* LC27_removeElement.cpp */,
				4019FAC528E0674500C0F13E /* LC28_strStr.cpp */,
				40EC802828B0F59700C929E4 /* LC54_spiralOrder.cpp */,
				40EC802A28B529F900C929E4 /* LC59_generateMatrix.cpp */,
				40EC800A28B0DB8900C929E4 /* LC76_minWindow.cpp */,
				40EC7FFB28B0DB8800C929E4 /* LC83_deleteDuplicates.cpp */,
				40EC800C28B0DB8900C929E4 /* LC92_reverseBetween.cpp */,
				40EC7FFD28B0DB8800C929E4 /* LC141_hasCycle.cpp */,
				40EC7FFF28B0DB8800C929E4 /* LC142_detectCycle.cpp */,
				40310D4328D5AF6200ED78AF /* LC151_reverseWords.cpp */,
				40EC800028B0DB8800C929E4 /* LC160_getIntersectionNode.cpp */,
				40310D3128C4F42A00ED78AF /* LC202_isHappy.cpp */,
				40EC802C28B6853700C929E4 /* LC203_removeElements.cpp */,
				40EC800D28B0DB8900C929E4 /* LC206_reverseList.cpp */,
				40EC800228B0DB8900C929E4 /* LC209_minSubArrayLen.cpp */,
				40310D2B28BFB96900ED78AF /* LC242_isAnagram.cpp */,
				40EC800B28B0DB8900C929E4 /* LC283_moveZeroes.cpp */,
				40310D3D28D36DB200ED78AF /* LC344_reverseString.cpp */,
				40310D2D28C0DA6100ED78AF /* LC349_intersection.cpp */,
				40310D2F28C0EC5500ED78AF /* LC350_intersect.cpp */,
				40310D3728C8EA0100ED78AF /* LC383_canConstruct.cpp */,
				40310D3528C7A05000ED78AF /* LC454_fourSumCount.cpp */,
				4019FAC728E078CE00C0F13E /* LC459_RepeatedSubstringPattern.cpp */,
				40310D3F28D371B800ED78AF /* LC541_reverseStr.cpp */,
				40EC7FF928B0DB8800C929E4 /* LC704_search.cpp */,
				40310D2928B7D11900ED78AF /* LC707_MyLinkedList.cpp */,
				40EC800428B0DB8900C929E4 /* LC844_backspaceCompare.cpp */,
				40EC800528B0DB8900C929E4 /* LC904_totalFruit.cpp */,
				40EC800628B0DB8900C929E4 /* LC977_sortedSquares.cpp */,
				40EC802528B0DBCB00C929E4 /* LCManager.cpp */,
				40EC802628B0DBCB00C929E4 /* LCManager.hpp */,
				40EC800728B0DB8900C929E4 /* ListNode.h */,
				40310D4128D4DB3500ED78AF /* ReplaceSpaceInStr.cpp */,
				4019FAC328D8B48B00C0F13E /* ReverseLeftWords.cpp */,
			);
			path = LeetcodePractice;
			sourceTree = "<group>";
		};
/* End PBXGroup section */

/* Begin PBXNativeTarget section */
		40794C8B2861B5E800DED5E5 /* PersonalTestProject */ = {
			isa = PBXNativeTarget;
			buildConfigurationList = 40794CBB2861B5E900DED5E5 /* Build configuration list for PBXNativeTarget "PersonalTestProject" */;
			buildPhases = (
				40794C882861B5E800DED5E5 /* Sources */,
				40794C892861B5E800DED5E5 /* Frameworks */,
				40794C8A2861B5E800DED5E5 /* Resources */,
			);
			buildRules = (
			);
			dependencies = (
			);
			name = PersonalTestProject;
			productName = PersonalTestProject;
			productReference = 40794C8C2861B5E800DED5E5 /* PersonalTestProject.app */;
			productType = "com.apple.product-type.application";
		};
		40794CA62861B5E900DED5E5 /* PersonalTestProjectTests */ = {
			isa = PBXNativeTarget;
			buildConfigurationList = 40794CBE2861B5E900DED5E5 /* Build configuration list for PBXNativeTarget "PersonalTestProjectTests" */;
			buildPhases = (
				40794CA32861B5E900DED5E5 /* Sources */,
				40794CA42861B5E900DED5E5 /* Frameworks */,
				40794CA52861B5E900DED5E5 /* Resources */,
			);
			buildRules = (
			);
			dependencies = (
				40794CA92861B5E900DED5E5 /* PBXTargetDependency */,
			);
			name = PersonalTestProjectTests;
			productName = PersonalTestProjectTests;
			productReference = 40794CA72861B5E900DED5E5 /* PersonalTestProjectTests.xctest */;
			productType = "com.apple.product-type.bundle.unit-test";
		};
		40794CB02861B5E900DED5E5 /* PersonalTestProjectUITests */ = {
			isa = PBXNativeTarget;
			buildConfigurationList = 40794CC12861B5E900DED5E5 /* Build configuration list for PBXNativeTarget "PersonalTestProjectUITests" */;
			buildPhases = (
				40794CAD2861B5E900DED5E5 /* Sources */,
				40794CAE2861B5E900DED5E5 /* Frameworks */,
				40794CAF2861B5E900DED5E5 /* Resources */,
			);
			buildRules = (
			);
			dependencies = (
				40794CB32861B5E900DED5E5 /* PBXTargetDependency */,
			);
			name = PersonalTestProjectUITests;
			productName = PersonalTestProjectUITests;
			productReference = 40794CB12861B5E900DED5E5 /* PersonalTestProjectUITests.xctest */;
			productType = "com.apple.product-type.bundle.ui-testing";
		};
/* End PBXNativeTarget section */

/* Begin PBXProject section */
		40794C842861B5E800DED5E5 /* Project object */ = {
			isa = PBXProject;
			attributes = {
				BuildIndependentTargetsInParallel = 1;
				LastUpgradeCheck = 1330;
				TargetAttributes = {
					40794C8B2861B5E800DED5E5 = {
						CreatedOnToolsVersion = 13.3.1;
					};
					40794CA62861B5E900DED5E5 = {
						CreatedOnToolsVersion = 13.3.1;
						TestTargetID = 40794C8B2861B5E800DED5E5;
					};
					40794CB02861B5E900DED5E5 = {
						CreatedOnToolsVersion = 13.3.1;
						TestTargetID = 40794C8B2861B5E800DED5E5;
					};
				};
			};
			buildConfigurationList = 40794C872861B5E800DED5E5 /* Build configuration list for PBXProject "PersonalTestProject" */;
			compatibilityVersion = "Xcode 13.0";
			developmentRegion = en;
			hasScannedForEncodings = 0;
			knownRegions = (
				en,
				Base,
			);
			mainGroup = 40794C832861B5E800DED5E5;
			productRefGroup = 40794C8D2861B5E800DED5E5 /* Products */;
			projectDirPath = "";
			projectRoot = "";
			targets = (
				40794C8B2861B5E800DED5E5 /* PersonalTestProject */,
				40794CA62861B5E900DED5E5 /* PersonalTestProjectTests */,
				40794CB02861B5E900DED5E5 /* PersonalTestProjectUITests */,
			);
		};
/* End PBXProject section */

/* Begin PBXResourcesBuildPhase section */
		40794C8A2861B5E800DED5E5 /* Resources */ = {
			isa = PBXResourcesBuildPhase;
			buildActionMask = 2147483647;
			files = (
				40794C9F2861B5E900DED5E5 /* LaunchScreen.storyboard in Resources */,
				40794C9C2861B5E900DED5E5 /* Assets.xcassets in Resources */,
				40794C9A2861B5E800DED5E5 /* Main.storyboard in Resources */,
			);
			runOnlyForDeploymentPostprocessing = 0;
		};
		40794CA52861B5E900DED5E5 /* Resources */ = {
			isa = PBXResourcesBuildPhase;
			buildActionMask = 2147483647;
			files = (
			);
			runOnlyForDeploymentPostprocessing = 0;
		};
		40794CAF2861B5E900DED5E5 /* Resources */ = {
			isa = PBXResourcesBuildPhase;
			buildActionMask = 2147483647;
			files = (
			);
			runOnlyForDeploymentPostprocessing = 0;
		};
/* End PBXResourcesBuildPhase section */

/* Begin PBXSourcesBuildPhase section */
		40794C882861B5E800DED5E5 /* Sources */ = {
			isa = PBXSourcesBuildPhase;
			buildActionMask = 2147483647;
			files = (
				40EC801E28B0DB8900C929E4 /* LC13_removeNthFromEnd.cpp in Sources */,
				40EC802328B0DB8900C929E4 /* LC206_reverseList.cpp in Sources */,
				40EC802228B0DB8900C929E4 /* LC92_reverseBetween.cpp in Sources */,
				40310D3E28D36DB200ED78AF /* LC344_reverseString.cpp in Sources */,
				40EC801D28B0DB8900C929E4 /* LC977_sortedSquares.cpp in Sources */,
				105C39E228D8816E00233E3A /* TPCExamPractice2.cpp in Sources */,
				40EC801428B0DB8900C929E4 /* LC141_hasCycle.cpp in Sources */,
				40EC801F28B0DB8900C929E4 /* LC25_reverseKGroup.cpp in Sources */,
				40EC802428B0DB8900C929E4 /* LC21_mergeTwoLists.cpp in Sources */,
				10C3DB8A28B47718002630AB /* CPPComUtils.cpp in Sources */,
				4019FAC828E078CE00C0F13E /* LC459_RepeatedSubstringPattern.cpp in Sources */,
				40EC801B28B0DB8900C929E4 /* LC844_backspaceCompare.cpp in Sources */,
				40EC801328B0DB8900C929E4 /* LC26_removeDuplicates.cpp in Sources */,
				40EC802D28B6853700C929E4 /* LC203_removeElements.cpp in Sources */,
				40310D3228C4F42A00ED78AF /* LC202_isHappy.cpp in Sources */,
				40B958872875AB8A00A3DC8E /* NativeCPPManager.m in Sources */,
				40EC801528B0DB8900C929E4 /* LC2_addTwoNumbers.cpp in Sources */,
				40794C972861B5E800DED5E5 /* ViewController.m in Sources */,
				40B9587D2873C75700A3DC8E /* CPPSampleTestManager.cpp in Sources */,
				40B958842873E14400A3DC8E /* CPPBridgeManager.mm in Sources */,
				40310D3828C8EA0100ED78AF /* LC383_canConstruct.cpp in Sources */,
				40794C912861B5E800DED5E5 /* AppDelegate.m in Sources */,
				40EC802B28B529F900C929E4 /* LC59_generateMatrix.cpp in Sources */,
				40794CD02861BF9100DED5E5 /* ProgressBarView.m in Sources */,
				40EC802728B0DBCB00C929E4 /* LCManager.cpp in Sources */,
				40EC801828B0DB8900C929E4 /* LC23_mergeKLists.cpp in Sources */,
				40EC801128B0DB8900C929E4 /* LC19_removeNthFromEnd.cpp in Sources */,
				40310D2E28C0DA6100ED78AF /* LC349_intersection.cpp in Sources */,
				40310D2A28B7D11900ED78AF /* LC707_MyLinkedList.cpp in Sources */,
				40EC801628B0DB8900C929E4 /* LC142_detectCycle.cpp in Sources */,
				4019FAC428D8B48B00C0F13E /* ReverseLeftWords.cpp in Sources */,
				40EC802128B0DB8900C929E4 /* LC283_moveZeroes.cpp in Sources */,
				40794CA22861B5E900DED5E5 /* main.m in Sources */,
				40310D4228D4DB3500ED78AF /* ReplaceSpaceInStr.cpp in Sources */,
				40EC801728B0DB8900C929E4 /* LC160_getIntersectionNode.cpp in Sources */,
				40310D4428D5AF6200ED78AF /* LC151_reverseWords.cpp in Sources */,
				40EC801028B0DB8900C929E4 /* LC704_search.cpp in Sources */,
				40EC802928B0F59700C929E4 /* LC54_spiralOrder.cpp in Sources */,
				40EC801228B0DB8900C929E4 /* LC83_deleteDuplicates.cpp in Sources */,
				40310D3C28D21FFD00ED78AF /* LC18_fourSum.cpp in Sources */,
				40310D4028D371B800ED78AF /* LC541_reverseStr.cpp in Sources */,
				40D0BEA8286C029B001B6654 /* TestManager.mm in Sources */,
				40EC801A28B0DB8900C929E4 /* LC24_swapPairs.cpp in Sources */,
				40310D3628C7A05000ED78AF /* LC454_fourSumCount.cpp in Sources */,
				40EC801C28B0DB8900C929E4 /* LC904_totalFruit.cpp in Sources */,
				40310D2C28BFB96900ED78AF /* LC242_isAnagram.cpp in Sources */,
				40310D3428C64E6600ED78AF /* LC1_twoSum.cpp in Sources */,
				40794C942861B5E800DED5E5 /* SceneDelegate.m in Sources */,
				40EC801928B0DB8900C929E4 /* LC209_minSubArrayLen.cpp in Sources */,
				105C39E428D9D64600233E3A /* TPCExam2022_1.cpp in Sources */,
				40310D3028C0EC5500ED78AF /* LC350_intersect.cpp in Sources */,
				4019FAC628E0674500C0F13E /* LC28_strStr.cpp in Sources */,
				40EC800F28B0DB8900C929E4 /* LC27_removeElement.cpp in Sources */,
				40D0BEA5286BFDC8001B6654 /* CPPDataTypeTest.cpp in Sources */,
				40EC802028B0DB8900C929E4 /* LC76_minWindow.cpp in Sources */,
				40310D3A28CA39DD00ED78AF /* LC15_threeSum.cpp in Sources */,
				40B958802873D81D00A3DC8E /* CPPSampleTestManagerDelegate.cpp in Sources */,
			);
			runOnlyForDeploymentPostprocessing = 0;
		};
		40794CA32861B5E900DED5E5 /* Sources */ = {
			isa = PBXSourcesBuildPhase;
			buildActionMask = 2147483647;
			files = (
				40794CAC2861B5E900DED5E5 /* PersonalTestProjectTests.m in Sources */,
			);
			runOnlyForDeploymentPostprocessing = 0;
		};
		40794CAD2861B5E900DED5E5 /* Sources */ = {
			isa = PBXSourcesBuildPhase;
			buildActionMask = 2147483647;
			files = (
				40794CB82861B5E900DED5E5 /* PersonalTestProjectUITestsLaunchTests.m in Sources */,
				40794CB62861B5E900DED5E5 /* PersonalTestProjectUITests.m in Sources */,
			);
			runOnlyForDeploymentPostprocessing = 0;
		};
/* End PBXSourcesBuildPhase section */

/* Begin PBXTargetDependency section */
		40794CA92861B5E900DED5E5 /* PBXTargetDependency */ = {
			isa = PBXTargetDependency;
			target = 40794C8B2861B5E800DED5E5 /* PersonalTestProject */;
			targetProxy = 40794CA82861B5E900DED5E5 /* PBXContainerItemProxy */;
		};
		40794CB32861B5E900DED5E5 /* PBXTargetDependency */ = {
			isa = PBXTargetDependency;
			target = 40794C8B2861B5E800DED5E5 /* PersonalTestProject */;
			targetProxy = 40794CB22861B5E900DED5E5 /* PBXContainerItemProxy */;
		};
/* End PBXTargetDependency section */

/* Begin PBXVariantGroup section */
		40794C982861B5E800DED5E5 /* Main.storyboard */ = {
			isa = PBXVariantGroup;
			children = (
				40794C992861B5E800DED5E5 /* Base */,
			);
			name = Main.storyboard;
			sourceTree = "<group>";
		};
		40794C9D2861B5E900DED5E5 /* LaunchScreen.storyboard */ = {
			isa = PBXVariantGroup;
			children = (
				40794C9E2861B5E900DED5E5 /* Base */,
			);
			name = LaunchScreen.storyboard;
			sourceTree = "<group>";
		};
/* End PBXVariantGroup section */

/* Begin XCBuildConfiguration section */
		40794CB92861B5E900DED5E5 /* Debug */ = {
			isa = XCBuildConfiguration;
			buildSettings = {
				ALWAYS_SEARCH_USER_PATHS = NO;
				CLANG_ANALYZER_NONNULL = YES;
				CLANG_ANALYZER_NUMBER_OBJECT_CONVERSION = YES_AGGRESSIVE;
				CLANG_CXX_LANGUAGE_STANDARD = "gnu++17";
				CLANG_ENABLE_MODULES = YES;
				CLANG_ENABLE_OBJC_ARC = YES;
				CLANG_ENABLE_OBJC_WEAK = YES;
				CLANG_WARN_BLOCK_CAPTURE_AUTORELEASING = YES;
				CLANG_WARN_BOOL_CONVERSION = YES;
				CLANG_WARN_COMMA = YES;
				CLANG_WARN_CONSTANT_CONVERSION = YES;
				CLANG_WARN_DEPRECATED_OBJC_IMPLEMENTATIONS = YES;
				CLANG_WARN_DIRECT_OBJC_ISA_USAGE = YES_ERROR;
				CLANG_WARN_DOCUMENTATION_COMMENTS = YES;
				CLANG_WARN_EMPTY_BODY = YES;
				CLANG_WARN_ENUM_CONVERSION = YES;
				CLANG_WARN_INFINITE_RECURSION = YES;
				CLANG_WARN_INT_CONVERSION = YES;
				CLANG_WARN_NON_LITERAL_NULL_CONVERSION = YES;
				CLANG_WARN_OBJC_IMPLICIT_RETAIN_SELF = YES;
				CLANG_WARN_OBJC_LITERAL_CONVERSION = YES;
				CLANG_WARN_OBJC_ROOT_CLASS = YES_ERROR;
				CLANG_WARN_QUOTED_INCLUDE_IN_FRAMEWORK_HEADER = YES;
				CLANG_WARN_RANGE_LOOP_ANALYSIS = YES;
				CLANG_WARN_STRICT_PROTOTYPES = YES;
				CLANG_WARN_SUSPICIOUS_MOVE = YES;
				CLANG_WARN_UNGUARDED_AVAILABILITY = YES_AGGRESSIVE;
				CLANG_WARN_UNREACHABLE_CODE = YES;
				CLANG_WARN__DUPLICATE_METHOD_MATCH = YES;
				COPY_PHASE_STRIP = NO;
				DEBUG_INFORMATION_FORMAT = dwarf;
				ENABLE_STRICT_OBJC_MSGSEND = YES;
				ENABLE_TESTABILITY = YES;
				GCC_C_LANGUAGE_STANDARD = gnu11;
				GCC_DYNAMIC_NO_PIC = NO;
				GCC_NO_COMMON_BLOCKS = YES;
				GCC_OPTIMIZATION_LEVEL = 0;
				GCC_PREPROCESSOR_DEFINITIONS = (
					"DEBUG=1",
					"$(inherited)",
				);
				GCC_WARN_64_TO_32_BIT_CONVERSION = YES;
				GCC_WARN_ABOUT_RETURN_TYPE = YES_ERROR;
				GCC_WARN_UNDECLARED_SELECTOR = YES;
				GCC_WARN_UNINITIALIZED_AUTOS = YES_AGGRESSIVE;
				GCC_WARN_UNUSED_FUNCTION = YES;
				GCC_WARN_UNUSED_VARIABLE = YES;
				IPHONEOS_DEPLOYMENT_TARGET = 10;
				MTL_ENABLE_DEBUG_INFO = INCLUDE_SOURCE;
				MTL_FAST_MATH = YES;
				ONLY_ACTIVE_ARCH = YES;
				SDKROOT = iphoneos;
			};
			name = Debug;
		};
		40794CBA2861B5E900DED5E5 /* Release */ = {
			isa = XCBuildConfiguration;
			buildSettings = {
				ALWAYS_SEARCH_USER_PATHS = NO;
				CLANG_ANALYZER_NONNULL = YES;
				CLANG_ANALYZER_NUMBER_OBJECT_CONVERSION = YES_AGGRESSIVE;
				CLANG_CXX_LANGUAGE_STANDARD = "gnu++17";
				CLANG_ENABLE_MODULES = YES;
				CLANG_ENABLE_OBJC_ARC = YES;
				CLANG_ENABLE_OBJC_WEAK = YES;
				CLANG_WARN_BLOCK_CAPTURE_AUTORELEASING = YES;
				CLANG_WARN_BOOL_CONVERSION = YES;
				CLANG_WARN_COMMA = YES;
				CLANG_WARN_CONSTANT_CONVERSION = YES;
				CLANG_WARN_DEPRECATED_OBJC_IMPLEMENTATIONS = YES;
				CLANG_WARN_DIRECT_OBJC_ISA_USAGE = YES_ERROR;
				CLANG_WARN_DOCUMENTATION_COMMENTS = YES;
				CLANG_WARN_EMPTY_BODY = YES;
				CLANG_WARN_ENUM_CONVERSION = YES;
				CLANG_WARN_INFINITE_RECURSION = YES;
				CLANG_WARN_INT_CONVERSION = YES;
				CLANG_WARN_NON_LITERAL_NULL_CONVERSION = YES;
				CLANG_WARN_OBJC_IMPLICIT_RETAIN_SELF = YES;
				CLANG_WARN_OBJC_LITERAL_CONVERSION = YES;
				CLANG_WARN_OBJC_ROOT_CLASS = YES_ERROR;
				CLANG_WARN_QUOTED_INCLUDE_IN_FRAMEWORK_HEADER = YES;
				CLANG_WARN_RANGE_LOOP_ANALYSIS = YES;
				CLANG_WARN_STRICT_PROTOTYPES = YES;
				CLANG_WARN_SUSPICIOUS_MOVE = YES;
				CLANG_WARN_UNGUARDED_AVAILABILITY = YES_AGGRESSIVE;
				CLANG_WARN_UNREACHABLE_CODE = YES;
				CLANG_WARN__DUPLICATE_METHOD_MATCH = YES;
				COPY_PHASE_STRIP = NO;
				DEBUG_INFORMATION_FORMAT = "dwarf-with-dsym";
				ENABLE_NS_ASSERTIONS = NO;
				ENABLE_STRICT_OBJC_MSGSEND = YES;
				GCC_C_LANGUAGE_STANDARD = gnu11;
				GCC_NO_COMMON_BLOCKS = YES;
				GCC_WARN_64_TO_32_BIT_CONVERSION = YES;
				GCC_WARN_ABOUT_RETURN_TYPE = YES_ERROR;
				GCC_WARN_UNDECLARED_SELECTOR = YES;
				GCC_WARN_UNINITIALIZED_AUTOS = YES_AGGRESSIVE;
				GCC_WARN_UNUSED_FUNCTION = YES;
				GCC_WARN_UNUSED_VARIABLE = YES;
				IPHONEOS_DEPLOYMENT_TARGET = 10;
				MTL_ENABLE_DEBUG_INFO = NO;
				MTL_FAST_MATH = YES;
				SDKROOT = iphoneos;
				VALIDATE_PRODUCT = YES;
			};
			name = Release;
		};
		40794CBC2861B5E900DED5E5 /* Debug */ = {
			isa = XCBuildConfiguration;
			buildSettings = {
				ASSETCATALOG_COMPILER_APPICON_NAME = AppIcon;
				ASSETCATALOG_COMPILER_GLOBAL_ACCENT_COLOR_NAME = AccentColor;
				CODE_SIGN_IDENTITY = "Apple Development";
				CODE_SIGN_STYLE = Automatic;
				CURRENT_PROJECT_VERSION = 1;
				DEVELOPMENT_TEAM = 763JCBD7XY;
				GENERATE_INFOPLIST_FILE = YES;
				INFOPLIST_FILE = PersonalTestProject/Info.plist;
				INFOPLIST_KEY_UIApplicationSupportsIndirectInputEvents = YES;
				INFOPLIST_KEY_UILaunchStoryboardName = LaunchScreen;
				INFOPLIST_KEY_UIMainStoryboardFile = Main;
				INFOPLIST_KEY_UISupportedInterfaceOrientations_iPad = "UIInterfaceOrientationPortrait UIInterfaceOrientationPortraitUpsideDown UIInterfaceOrientationLandscapeLeft UIInterfaceOrientationLandscapeRight";
				INFOPLIST_KEY_UISupportedInterfaceOrientations_iPhone = "UIInterfaceOrientationPortrait UIInterfaceOrientationLandscapeLeft UIInterfaceOrientationLandscapeRight";
				IPHONEOS_DEPLOYMENT_TARGET = 13.0;
				LD_RUNPATH_SEARCH_PATHS = (
					"$(inherited)",
					"@executable_path/Frameworks",
				);
				MARKETING_VERSION = 1.0;
				PRODUCT_BUNDLE_IDENTIFIER = com.DreamMaking.PersonalTestProject;
				PRODUCT_NAME = "$(TARGET_NAME)";
				PROVISIONING_PROFILE_SPECIFIER = "";
				SWIFT_EMIT_LOC_STRINGS = YES;
				TARGETED_DEVICE_FAMILY = "1,2";
			};
			name = Debug;
		};
		40794CBD2861B5E900DED5E5 /* Release */ = {
			isa = XCBuildConfiguration;
			buildSettings = {
				ASSETCATALOG_COMPILER_APPICON_NAME = AppIcon;
				ASSETCATALOG_COMPILER_GLOBAL_ACCENT_COLOR_NAME = AccentColor;
				CODE_SIGN_IDENTITY = "Apple Development";
				CODE_SIGN_STYLE = Automatic;
				CURRENT_PROJECT_VERSION = 1;
				DEVELOPMENT_TEAM = 763JCBD7XY;
				GENERATE_INFOPLIST_FILE = YES;
				INFOPLIST_FILE = PersonalTestProject/Info.plist;
				INFOPLIST_KEY_UIApplicationSupportsIndirectInputEvents = YES;
				INFOPLIST_KEY_UILaunchStoryboardName = LaunchScreen;
				INFOPLIST_KEY_UIMainStoryboardFile = Main;
				INFOPLIST_KEY_UISupportedInterfaceOrientations_iPad = "UIInterfaceOrientationPortrait UIInterfaceOrientationPortraitUpsideDown UIInterfaceOrientationLandscapeLeft UIInterfaceOrientationLandscapeRight";
				INFOPLIST_KEY_UISupportedInterfaceOrientations_iPhone = "UIInterfaceOrientationPortrait UIInterfaceOrientationLandscapeLeft UIInterfaceOrientationLandscapeRight";
				IPHONEOS_DEPLOYMENT_TARGET = 13.0;
				LD_RUNPATH_SEARCH_PATHS = (
					"$(inherited)",
					"@executable_path/Frameworks",
				);
				MARKETING_VERSION = 1.0;
				PRODUCT_BUNDLE_IDENTIFIER = com.DreamMaking.PersonalTestProject;
				PRODUCT_NAME = "$(TARGET_NAME)";
				PROVISIONING_PROFILE_SPECIFIER = "";
				SWIFT_EMIT_LOC_STRINGS = YES;
				TARGETED_DEVICE_FAMILY = "1,2";
			};
			name = Release;
		};
		40794CBF2861B5E900DED5E5 /* Debug */ = {
			isa = XCBuildConfiguration;
			buildSettings = {
				BUNDLE_LOADER = "$(TEST_HOST)";
				CODE_SIGN_STYLE = Automatic;
				CURRENT_PROJECT_VERSION = 1;
				DEVELOPMENT_TEAM = 763JCBD7XY;
				GENERATE_INFOPLIST_FILE = YES;
				IPHONEOS_DEPLOYMENT_TARGET = 15.4;
				MARKETING_VERSION = 1.0;
				PRODUCT_BUNDLE_IDENTIFIER = com.DreamMaking.PersonalTestProjectTests;
				PRODUCT_NAME = "$(TARGET_NAME)";
				SWIFT_EMIT_LOC_STRINGS = NO;
				TARGETED_DEVICE_FAMILY = "1,2";
				TEST_HOST = "$(BUILT_PRODUCTS_DIR)/PersonalTestProject.app/PersonalTestProject";
			};
			name = Debug;
		};
		40794CC02861B5E900DED5E5 /* Release */ = {
			isa = XCBuildConfiguration;
			buildSettings = {
				BUNDLE_LOADER = "$(TEST_HOST)";
				CODE_SIGN_STYLE = Automatic;
				CURRENT_PROJECT_VERSION = 1;
				DEVELOPMENT_TEAM = 763JCBD7XY;
				GENERATE_INFOPLIST_FILE = YES;
				IPHONEOS_DEPLOYMENT_TARGET = 15.4;
				MARKETING_VERSION = 1.0;
				PRODUCT_BUNDLE_IDENTIFIER = com.DreamMaking.PersonalTestProjectTests;
				PRODUCT_NAME = "$(TARGET_NAME)";
				SWIFT_EMIT_LOC_STRINGS = NO;
				TARGETED_DEVICE_FAMILY = "1,2";
				TEST_HOST = "$(BUILT_PRODUCTS_DIR)/PersonalTestProject.app/PersonalTestProject";
			};
			name = Release;
		};
		40794CC22861B5E900DED5E5 /* Debug */ = {
			isa = XCBuildConfiguration;
			buildSettings = {
				CODE_SIGN_STYLE = Automatic;
				CURRENT_PROJECT_VERSION = 1;
				DEVELOPMENT_TEAM = 763JCBD7XY;
				GENERATE_INFOPLIST_FILE = YES;
				MARKETING_VERSION = 1.0;
				PRODUCT_BUNDLE_IDENTIFIER = com.DreamMaking.PersonalTestProjectUITests;
				PRODUCT_NAME = "$(TARGET_NAME)";
				SWIFT_EMIT_LOC_STRINGS = NO;
				TARGETED_DEVICE_FAMILY = "1,2";
				TEST_TARGET_NAME = PersonalTestProject;
			};
			name = Debug;
		};
		40794CC32861B5E900DED5E5 /* Release */ = {
			isa = XCBuildConfiguration;
			buildSettings = {
				CODE_SIGN_STYLE = Automatic;
				CURRENT_PROJECT_VERSION = 1;
				DEVELOPMENT_TEAM = 763JCBD7XY;
				GENERATE_INFOPLIST_FILE = YES;
				MARKETING_VERSION = 1.0;
				PRODUCT_BUNDLE_IDENTIFIER = com.DreamMaking.PersonalTestProjectUITests;
				PRODUCT_NAME = "$(TARGET_NAME)";
				SWIFT_EMIT_LOC_STRINGS = NO;
				TARGETED_DEVICE_FAMILY = "1,2";
				TEST_TARGET_NAME = PersonalTestProject;
			};
			name = Release;
		};
/* End XCBuildConfiguration section */

/* Begin XCConfigurationList section */
		40794C872861B5E800DED5E5 /* Build configuration list for PBXProject "PersonalTestProject" */ = {
			isa = XCConfigurationList;
			buildConfigurations = (
				40794CB92861B5E900DED5E5 /* Debug */,
				40794CBA2861B5E900DED5E5 /* Release */,
			);
			defaultConfigurationIsVisible = 0;
			defaultConfigurationName = Release;
		};
		40794CBB2861B5E900DED5E5 /* Build configuration list for PBXNativeTarget "PersonalTestProject" */ = {
			isa = XCConfigurationList;
			buildConfigurations = (
				40794CBC2861B5E900DED5E5 /* Debug */,
				40794CBD2861B5E900DED5E5 /* Release */,
			);
			defaultConfigurationIsVisible = 0;
			defaultConfigurationName = Release;
		};
		40794CBE2861B5E900DED5E5 /* Build configuration list for PBXNativeTarget "PersonalTestProjectTests" */ = {
			isa = XCConfigurationList;
			buildConfigurations = (
				40794CBF2861B5E900DED5E5 /* Debug */,
				40794CC02861B5E900DED5E5 /* Release */,
			);
			defaultConfigurationIsVisible = 0;
			defaultConfigurationName = Release;
		};
		40794CC12861B5E900DED5E5 /* Build configuration list for PBXNativeTarget "PersonalTestProjectUITests" */ = {
			isa = XCConfigurationList;
			buildConfigurations = (
				40794CC22861B5E900DED5E5 /* Debug */,
				40794CC32861B5E900DED5E5 /* Release */,
			);
			defaultConfigurationIsVisible = 0;
			defaultConfigurationName = Release;
		};
/* End XCConfigurationList section */
	};
	rootObject = 40794C842861B5E800DED5E5 /* Project object */;
}
